{
  "name": "Leaflearning2",
  "lockfileVersion": 3,
  "requires": true,
  "packages": {
    "": {
      "dependencies": {
        "@unkey/api": "^2.2.1"
      }
    },
    "node_modules/@unkey/api": {
      "version": "2.2.1",
      "resolved": "https://registry.npmjs.org/@unkey/api/-/api-2.2.1.tgz",
      "integrity": "sha512-bYFttjvCuoUFWvRktMIRBOy59jGSC2m51UvM1oRkad0PCoqLElY40SUs17Cuvzy6OBw4ZOQSw/juWNmC7TdZEw==",
      "dependencies": {
        "zod": "^3.25.0 || ^4.0.0"
      }
    },
    "node_modules/zod": {
      "version": "4.3.6",
      "resolved": "https://registry.npmjs.org/zod/-/zod-4.3.6.tgz",
      "integrity": "sha512-rftlrkhHZOcjDwkGlnUtZZkvaPHCsDATp4pGpuOOMDaTdDDXF91wuVDJoWoPsKX/3YPQ5fHuF3STjcYyKr+Qhg==",
      "license": "MIT",
      "funding": {
        "url": "https://github.com/sponsors/colinhacks"
      }
    }
  }
}
